
Microsoft Visual Studio Solution File, Format Version 12.00
# Visual Studio Version 16
VisualStudioVersion = 16.0.808.0
MinimumVisualStudioVersion = 10.0.40219.1
Project("{FAE04EC0-301F-11D3-BF4B-00C04F79EFBC}") = "Xamarin.RevenueCat.Android", "Xamarin.RevenueCat.Android\Xamarin.RevenueCat.Android.csproj", "{A26721E7-6AE6-41C5-BC3B-C922C3840B8D}"
EndProject
Global
	GlobalSection(SolutionConfigurationPlatforms) = preSolution
		Debug|Any CPU = Debug|Any CPU
		Release|Any CPU = Release|Any CPU
	EndGlobalSection
	GlobalSection(ProjectConfigurationPlatforms) = postSolution
		{A26721E7-6AE6-41C5-BC3B-C922C3840B8D}.Debug|Any CPU.ActiveCfg = Debug|Any CPU
		{A26721E7-6AE6-41C5-BC3B-C922C3840B8D}.Debug|Any CPU.Build.0 = Debug|Any CPU
		{A26721E7-6AE6-41C5-BC3B-C922C3840B8D}.Release|Any CPU.ActiveCfg = Release|Any CPU
		{A26721E7-6AE6-41C5-BC3B-C922C3840B8D}.Release|Any CPU.Build.0 = Release|Any CPU
	EndGlobalSection
	GlobalSection(SolutionProperties) = preSolution
		HideSolutionNode = FALSE
	EndGlobalSection
	GlobalSection(ExtensibilityGlobals) = postSolution
		SolutionGuid = {06A22B8C-2D20-4E1D-A1FD-9FFF4AC963D6}
	EndGlobalSection
EndGlobal
